
Microsoft Visual Studio Solution File, Format Version 12.00
# Visual Studio Version 16
VisualStudioVersion = 16.0.31005.135
MinimumVisualStudioVersion = 10.0.40219.1
Project("{9A19103F-16F7-4668-BE54-9A1E7A4F7556}") = "SimpleApi", "SimpleApi\SimpleApi.csproj", "{2E8CC47E-F36E-4C89-8AA2-088639DBBABE}"
EndProject
Project("{FAE04EC0-301F-11D3-BF4B-00C04F79EFBC}") = "SimpleUI2", "SimpleUI2\SimpleUI2.csproj", "{0C006CAA-1995-448F-80A6-A21E90F5BAF2}"
EndProject
Global
	GlobalSection(SolutionConfigurationPlatforms) = preSolution
		Debug|Any CPU = Debug|Any CPU
		Release|Any CPU = Release|Any CPU
	EndGlobalSection
	GlobalSection(ProjectConfigurationPlatforms) = postSolution
		{2E8CC47E-F36E-4C89-8AA2-088639DBBABE}.Debug|Any CPU.ActiveCfg = Debug|Any CPU
		{2E8CC47E-F36E-4C89-8AA2-088639DBBABE}.Debug|Any CPU.Build.0 = Debug|Any CPU
		{2E8CC47E-F36E-4C89-8AA2-088639DBBABE}.Release|Any CPU.ActiveCfg = Release|Any CPU
		{2E8CC47E-F36E-4C89-8AA2-088639DBBABE}.Release|Any CPU.Build.0 = Release|Any CPU
		{0C006CAA-1995-448F-80A6-A21E90F5BAF2}.Debug|Any CPU.ActiveCfg = Debug|Any CPU
		{0C006CAA-1995-448F-80A6-A21E90F5BAF2}.Debug|Any CPU.Build.0 = Debug|Any CPU
		{0C006CAA-1995-448F-80A6-A21E90F5BAF2}.Release|Any CPU.ActiveCfg = Release|Any CPU
		{0C006CAA-1995-448F-80A6-A21E90F5BAF2}.Release|Any CPU.Build.0 = Release|Any CPU
	EndGlobalSection
	GlobalSection(SolutionProperties) = preSolution
		HideSolutionNode = FALSE
	EndGlobalSection
	GlobalSection(ExtensibilityGlobals) = postSolution
		SolutionGuid = {55FF6395-4935-460D-A2E3-A58B4ADE53E6}
	EndGlobalSection
EndGlobal
